
Microsoft Visual Studio Solution File, Format Version 12.00
Project("{FAE04EC0-301F-11D3-BF4B-00C04F79EFBC}") = "Overflow.AppHost", "Overflow.AppHost\Overflow.AppHost.csproj", "{ACF5DE27-875E-482B-997C-AEE976F6F685}"
EndProject
Project("{FAE04EC0-301F-11D3-BF4B-00C04F79EFBC}") = "Overflow.ServiceDefaults", "Overflow.ServiceDefaults\Overflow.ServiceDefaults.csproj", "{B7546521-AE73-428B-96C4-001475D4BFF3}"
EndProject
Global
	GlobalSection(SolutionConfigurationPlatforms) = preSolution
		Debug|Any CPU = Debug|Any CPU
		Release|Any CPU = Release|Any CPU
	EndGlobalSection
	GlobalSection(ProjectConfigurationPlatforms) = postSolution
		{ACF5DE27-875E-482B-997C-AEE976F6F685}.Debug|Any CPU.ActiveCfg = Debug|Any CPU
		{ACF5DE27-875E-482B-997C-AEE976F6F685}.Debug|Any CPU.Build.0 = Debug|Any CPU
		{ACF5DE27-875E-482B-997C-AEE976F6F685}.Release|Any CPU.ActiveCfg = Release|Any CPU
		{ACF5DE27-875E-482B-997C-AEE976F6F685}.Release|Any CPU.Build.0 = Release|Any CPU
		{B7546521-AE73-428B-96C4-001475D4BFF3}.Debug|Any CPU.ActiveCfg = Debug|Any CPU
		{B7546521-AE73-428B-96C4-001475D4BFF3}.Debug|Any CPU.Build.0 = Debug|Any CPU
		{B7546521-AE73-428B-96C4-001475D4BFF3}.Release|Any CPU.ActiveCfg = Release|Any CPU
		{B7546521-AE73-428B-96C4-001475D4BFF3}.Release|Any CPU.Build.0 = Release|Any CPU
	EndGlobalSection
EndGlobal
